
Microsoft Visual Studio Solution File, Format Version 12.00
# Visual Studio 15
VisualStudioVersion = 15.0.27004.2009
MinimumVisualStudioVersion = 10.0.40219.1
Project("{FAE04EC0-301F-11D3-BF4B-00C04F79EFBC}") = "SoftServeITAcademy_Homework_4D", "SoftServeITAcademy_Homework_4D\SoftServeITAcademy_Homework_4D.csproj", "{5A2D4395-0F8E-4FD5-A777-3A7A97D97D13}"
EndProject
Global
	GlobalSection(SolutionConfigurationPlatforms) = preSolution
		Debug|Any CPU = Debug|Any CPU
		Release|Any CPU = Release|Any CPU
	EndGlobalSection
	GlobalSection(ProjectConfigurationPlatforms) = postSolution
		{5A2D4395-0F8E-4FD5-A777-3A7A97D97D13}.Debug|Any CPU.ActiveCfg = Debug|Any CPU
		{5A2D4395-0F8E-4FD5-A777-3A7A97D97D13}.Debug|Any CPU.Build.0 = Debug|Any CPU
		{5A2D4395-0F8E-4FD5-A777-3A7A97D97D13}.Release|Any CPU.ActiveCfg = Release|Any CPU
		{5A2D4395-0F8E-4FD5-A777-3A7A97D97D13}.Release|Any CPU.Build.0 = Release|Any CPU
	EndGlobalSection
	GlobalSection(SolutionProperties) = preSolution
		HideSolutionNode = FALSE
	EndGlobalSection
	GlobalSection(ExtensibilityGlobals) = postSolution
		SolutionGuid = {C19021AD-80D6-49D0-B51D-225AD1BD8B93}
	EndGlobalSection
EndGlobal
